
Microsoft Visual Studio Solution File, Format Version 12.00
# Visual Studio 15
VisualStudioVersion = 15.0.28010.2016
MinimumVisualStudioVersion = 10.0.40219.1
Project("{FAE04EC0-301F-11D3-BF4B-00C04F79EFBC}") = "listaen", "listaen\listaen.csproj", "{4D3EB39D-F12D-4BB6-BDE5-DB3F1806A19B}"
EndProject
Global
	GlobalSection(SolutionConfigurationPlatforms) = preSolution
		Debug|Any CPU = Debug|Any CPU
		Release|Any CPU = Release|Any CPU
	EndGlobalSection
	GlobalSection(ProjectConfigurationPlatforms) = postSolution
		{4D3EB39D-F12D-4BB6-BDE5-DB3F1806A19B}.Debug|Any CPU.ActiveCfg = Debug|Any CPU
		{4D3EB39D-F12D-4BB6-BDE5-DB3F1806A19B}.Debug|Any CPU.Build.0 = Debug|Any CPU
		{4D3EB39D-F12D-4BB6-BDE5-DB3F1806A19B}.Release|Any CPU.ActiveCfg = Release|Any CPU
		{4D3EB39D-F12D-4BB6-BDE5-DB3F1806A19B}.Release|Any CPU.Build.0 = Release|Any CPU
	EndGlobalSection
	GlobalSection(SolutionProperties) = preSolution
		HideSolutionNode = FALSE
	EndGlobalSection
	GlobalSection(ExtensibilityGlobals) = postSolution
		SolutionGuid = {443150D4-0356-4718-8F58-E8A00D232F18}
	EndGlobalSection
EndGlobal
